<?xml version="1.0" encoding="UTF-8" standalone="yes" ?>
<CodeBlocks_project_file>
	<FileVersion major="1" minor="6" />
	<Project>
		<Option title="ex4_RTOS" />
		<Option pch_mode="2" />
		<Option compiler="gcc" />
		<Build>
			<Target title="Debug">
				<Option output="bin/Debug/ex4_RTOS" prefix_auto="1" extension_auto="1" />
				<Option object_output="obj/Debug/" />
				<Option type="1" />
				<Option compiler="gcc" />
				<Compiler>
					<Add option="-g" />
				</Compiler>
			</Target>
			<Target title="Release">
				<Option output="bin/Release/ex4_RTOS" prefix_auto="1" extension_auto="1" />
				<Option object_output="obj/Release/" />
				<Option type="1" />
				<Option compiler="gcc" />
				<Compiler>
					<Add option="-O2" />
				</Compiler>
				<Linker>
					<Add option="-s" />
				</Linker>
			</Target>
		</Build>
		<Compiler>
			<Add option="-Wall" />
		</Compiler>
		<Unit filename="extint.c">
			<Option compilerVar="CC" />
		</Unit>
		<Unit filename="extint.h" />
		<Unit filename="gpio.c">
			<Option compilerVar="CC" />
		</Unit>
		<Unit filename="gpio.h" />
		<Unit filename="iap.c">
			<Option compilerVar="CC" />
		</Unit>
		<Unit filename="iap.h" />
		<Unit filename="init.c">
			<Option compilerVar="CC" />
		</Unit>
		<Unit filename="init.h" />
		<Unit filename="interrupts.c">
			<Option compilerVar="CC" />
		</Unit>
		<Unit filename="main.c">
			<Option compilerVar="CC" />
		</Unit>
		<Unit filename="mam.c">
			<Option compilerVar="CC" />
		</Unit>
		<Unit filename="mam.h" />
		<Unit filename="pll.c">
			<Option compilerVar="CC" />
		</Unit>
		<Unit filename="pll.h" />
		<Unit filename="rtc.c">
			<Option compilerVar="CC" />
		</Unit>
		<Unit filename="rtc.h" />
		<Unit filename="rtos.c">
			<Option compilerVar="CC" />
		</Unit>
		<Unit filename="rtos.h" />
		<Unit filename="rtos_tasks.c">
			<Option compilerVar="CC" />
		</Unit>
		<Unit filename="rtos_tasks.h" />
		<Unit filename="startup.c">
			<Option compilerVar="CC" />
		</Unit>
		<Unit filename="timer.c">
			<Option compilerVar="CC" />
		</Unit>
		<Unit filename="timer.h" />
		<Unit filename="vic.c">
			<Option compilerVar="CC" />
		</Unit>
		<Unit filename="vic.h" />
		<Unit filename="vpbdiv.c">
			<Option compilerVar="CC" />
		</Unit>
		<Unit filename="vpbdiv.h" />
		<Extensions>
			<code_completion />
			<envvars />
			<debugger />
			<lib_finder disable_auto="1" />
		</Extensions>
	</Project>
</CodeBlocks_project_file>
